
Microsoft Visual Studio Solution File, Format Version 12.00
# Visual Studio Version 16
VisualStudioVersion = 16.0.30011.22
MinimumVisualStudioVersion = 10.0.40219.1
Project("{9092AA53-FB77-4645-B42D-1CCCA6BD08BD}") = "Konfa Clicker", "Konfa Clicker\Konfa Clicker.njsproj", "{7BE96326-DFC6-4232-AA84-D08A53348D28}"
EndProject
Global
	GlobalSection(SolutionConfigurationPlatforms) = preSolution
		Debug|Any CPU = Debug|Any CPU
		Release|Any CPU = Release|Any CPU
	EndGlobalSection
	GlobalSection(ProjectConfigurationPlatforms) = postSolution
		{7BE96326-DFC6-4232-AA84-D08A53348D28}.Debug|Any CPU.ActiveCfg = Debug|Any CPU
		{7BE96326-DFC6-4232-AA84-D08A53348D28}.Debug|Any CPU.Build.0 = Debug|Any CPU
		{7BE96326-DFC6-4232-AA84-D08A53348D28}.Release|Any CPU.ActiveCfg = Release|Any CPU
		{7BE96326-DFC6-4232-AA84-D08A53348D28}.Release|Any CPU.Build.0 = Release|Any CPU
	EndGlobalSection
	GlobalSection(SolutionProperties) = preSolution
		HideSolutionNode = FALSE
	EndGlobalSection
	GlobalSection(ExtensibilityGlobals) = postSolution
		SolutionGuid = {DB34A34D-9237-44D2-8E41-6F17BD0F311A}
	EndGlobalSection
EndGlobal
